
Microsoft Visual Studio Solution File, Format Version 12.00
# Visual Studio 15
VisualStudioVersion = 15.0.28307.168
MinimumVisualStudioVersion = 10.0.40219.1
Project("{FAE04EC0-301F-11D3-BF4B-00C04F79EFBC}") = "TheSimsFactor", "TheSimsFactor\TheSimsFactor.csproj", "{27451E98-D24C-40E9-9543-49479CD037BA}"
EndProject
Global
	GlobalSection(SolutionConfigurationPlatforms) = preSolution
		Debug|Any CPU = Debug|Any CPU
		Release|Any CPU = Release|Any CPU
	EndGlobalSection
	GlobalSection(ProjectConfigurationPlatforms) = postSolution
		{27451E98-D24C-40E9-9543-49479CD037BA}.Debug|Any CPU.ActiveCfg = Debug|Any CPU
		{27451E98-D24C-40E9-9543-49479CD037BA}.Debug|Any CPU.Build.0 = Debug|Any CPU
		{27451E98-D24C-40E9-9543-49479CD037BA}.Release|Any CPU.ActiveCfg = Release|Any CPU
		{27451E98-D24C-40E9-9543-49479CD037BA}.Release|Any CPU.Build.0 = Release|Any CPU
	EndGlobalSection
	GlobalSection(SolutionProperties) = preSolution
		HideSolutionNode = FALSE
	EndGlobalSection
	GlobalSection(ExtensibilityGlobals) = postSolution
		SolutionGuid = {2C8F2B29-A211-40B0-B7D7-897472E03241}
	EndGlobalSection
EndGlobal
